// !$*UTF8*$!
{
	archiveVersion = 1;
	classes = {
	};
	objectVersion = 55;
	objects = {

/* Begin PBXBuildFile section */
		04328C12283CAEFD0035F68F /* APIEndpoint.swift in Sources */ = {isa = PBXBuildFile; fileRef = 04328C11283CAEFD0035F68F /* APIEndpoint.swift */; };
		04328C15283CAFCA0035F68F /* Environment.swift in Sources */ = {isa = PBXBuildFile; fileRef = 04328C14283CAFCA0035F68F /* Environment.swift */; };
		04328C17283CB12B0035F68F /* TypAliases.swift in Sources */ = {isa = PBXBuildFile; fileRef = 04328C16283CB12B0035F68F /* TypAliases.swift */; };
		04328C19283CB2110035F68F /* HTTPMethods.swift in Sources */ = {isa = PBXBuildFile; fileRef = 04328C18283CB2110035F68F /* HTTPMethods.swift */; };
		04328C1D283CB61A0035F68F /* APIError.swift in Sources */ = {isa = PBXBuildFile; fileRef = 04328C1C283CB61A0035F68F /* APIError.swift */; };
		04328C1E283CCA0D0035F68F /* TypAliases.swift in Sources */ = {isa = PBXBuildFile; fileRef = 04328C16283CB12B0035F68F /* TypAliases.swift */; };
		04328C1F283CCA0D0035F68F /* APIEndpoint.swift in Sources */ = {isa = PBXBuildFile; fileRef = 04328C11283CAEFD0035F68F /* APIEndpoint.swift */; };
		04328C20283CCA0D0035F68F /* APIError.swift in Sources */ = {isa = PBXBuildFile; fileRef = 04328C1C283CB61A0035F68F /* APIError.swift */; };
		04328C21283CCA0D0035F68F /* HTTPMethods.swift in Sources */ = {isa = PBXBuildFile; fileRef = 04328C18283CB2110035F68F /* HTTPMethods.swift */; };
		04328C22283CCA260035F68F /* Environment.swift in Sources */ = {isa = PBXBuildFile; fileRef = 04328C14283CAFCA0035F68F /* Environment.swift */; };
		04328C25283CD1350035F68F /* APIErrorTests.swift in Sources */ = {isa = PBXBuildFile; fileRef = 04328C24283CD1350035F68F /* APIErrorTests.swift */; };
		043AC824283AC3B9004733D9 /* Task1App.swift in Sources */ = {isa = PBXBuildFile; fileRef = 043AC823283AC3B9004733D9 /* Task1App.swift */; };
		043AC826283AC3B9004733D9 /* ContentView.swift in Sources */ = {isa = PBXBuildFile; fileRef = 043AC825283AC3B9004733D9 /* ContentView.swift */; };
		043AC828283AC3BB004733D9 /* Assets.xcassets in Resources */ = {isa = PBXBuildFile; fileRef = 043AC827283AC3BB004733D9 /* Assets.xcassets */; };
		043AC82B283AC3BB004733D9 /* Preview Assets.xcassets in Resources */ = {isa = PBXBuildFile; fileRef = 043AC82A283AC3BB004733D9 /* Preview Assets.xcassets */; };
		043AC852283AC5BB004733D9 /* ValidationViewModelTests.swift in Sources */ = {isa = PBXBuildFile; fileRef = 043AC851283AC5BB004733D9 /* ValidationViewModelTests.swift */; };
		043AC855283AC774004733D9 /* ValidationViewModel.swift in Sources */ = {isa = PBXBuildFile; fileRef = 043AC854283AC774004733D9 /* ValidationViewModel.swift */; };
		043AC858283ADAF4004733D9 /* Predicate.swift in Sources */ = {isa = PBXBuildFile; fileRef = 043AC857283ADAF4004733D9 /* Predicate.swift */; };
		04813478283B659500D3E26A /* RegisterViewModel.swift in Sources */ = {isa = PBXBuildFile; fileRef = 04813477283B659500D3E26A /* RegisterViewModel.swift */; };
		0481347A283B65BF00D3E26A /* RegisterViewModelTest.swift in Sources */ = {isa = PBXBuildFile; fileRef = 04813479283B65BF00D3E26A /* RegisterViewModelTest.swift */; };
		04813481283B69B900D3E26A /* WebService.swift in Sources */ = {isa = PBXBuildFile; fileRef = 04813480283B69B900D3E26A /* WebService.swift */; };
		04813482283B69B900D3E26A /* WebService.swift in Sources */ = {isa = PBXBuildFile; fileRef = 04813480283B69B900D3E26A /* WebService.swift */; };
		04813499283BA74E00D3E26A /* MockRequestParamter.swift in Sources */ = {isa = PBXBuildFile; fileRef = 04813498283BA74E00D3E26A /* MockRequestParamter.swift */; };
		0481349A283BA74E00D3E26A /* MockRequestParamter.swift in Sources */ = {isa = PBXBuildFile; fileRef = 04813498283BA74E00D3E26A /* MockRequestParamter.swift */; };
		04B120F7283CE22000CFD460 /* APIClient.swift in Sources */ = {isa = PBXBuildFile; fileRef = 04B120F6283CE22000CFD460 /* APIClient.swift */; };
		04B120F8283CE22000CFD460 /* APIClient.swift in Sources */ = {isa = PBXBuildFile; fileRef = 04B120F6283CE22000CFD460 /* APIClient.swift */; };
		04B120FA283CE45A00CFD460 /* MoclWebserviceTests.swift in Sources */ = {isa = PBXBuildFile; fileRef = 04B120F9283CE45A00CFD460 /* MoclWebserviceTests.swift */; };
		04C1A81F283BF86A00B8E1EB /* WebservicesTest.swift in Sources */ = {isa = PBXBuildFile; fileRef = 04C1A81E283BF86A00B8E1EB /* WebservicesTest.swift */; };
		04C1A821283C04FA00B8E1EB /* UserResponse.swift in Sources */ = {isa = PBXBuildFile; fileRef = 04C1A820283C04F900B8E1EB /* UserResponse.swift */; };
		04C1A822283C074D00B8E1EB /* UserResponse.swift in Sources */ = {isa = PBXBuildFile; fileRef = 04C1A820283C04F900B8E1EB /* UserResponse.swift */; };
		04C1A824283C075B00B8E1EB /* UserResponseTest.swift in Sources */ = {isa = PBXBuildFile; fileRef = 04C1A823283C075B00B8E1EB /* UserResponseTest.swift */; };
		04F6A64F283CD60E0049C098 /* APIEndpointTests.swift in Sources */ = {isa = PBXBuildFile; fileRef = 04F6A64E283CD60E0049C098 /* APIEndpointTests.swift */; };
/* End PBXBuildFile section */

/* Begin PBXContainerItemProxy section */
		043AC831283AC3BB004733D9 /* PBXContainerItemProxy */ = {
			isa = PBXContainerItemProxy;
			containerPortal = 043AC818283AC3B9004733D9 /* Project object */;
			proxyType = 1;
			remoteGlobalIDString = 043AC81F283AC3B9004733D9;
			remoteInfo = Task1;
		};
/* End PBXContainerItemProxy section */

/* Begin PBXFileReference section */
		04328C11283CAEFD0035F68F /* APIEndpoint.swift */ = {isa = PBXFileReference; lastKnownFileType = sourcecode.swift; path = APIEndpoint.swift; sourceTree = "<group>"; };
		04328C14283CAFCA0035F68F /* Environment.swift */ = {isa = PBXFileReference; lastKnownFileType = sourcecode.swift; path = Environment.swift; sourceTree = "<group>"; };
		04328C16283CB12B0035F68F /* TypAliases.swift */ = {isa = PBXFileReference; lastKnownFileType = sourcecode.swift; path = TypAliases.swift; sourceTree = "<group>"; };
		04328C18283CB2110035F68F /* HTTPMethods.swift */ = {isa = PBXFileReference; lastKnownFileType = sourcecode.swift; path = HTTPMethods.swift; sourceTree = "<group>"; };
		04328C1C283CB61A0035F68F /* APIError.swift */ = {isa = PBXFileReference; lastKnownFileType = sourcecode.swift; path = APIError.swift; sourceTree = "<group>"; };
		04328C24283CD1350035F68F /* APIErrorTests.swift */ = {isa = PBXFileReference; lastKnownFileType = sourcecode.swift; path = APIErrorTests.swift; sourceTree = "<group>"; };
		043AC820283AC3B9004733D9 /* Task1.app */ = {isa = PBXFileReference; explicitFileType = wrapper.application; includeInIndex = 0; path = Task1.app; sourceTree = BUILT_PRODUCTS_DIR; };
		043AC823283AC3B9004733D9 /* Task1App.swift */ = {isa = PBXFileReference; lastKnownFileType = sourcecode.swift; path = Task1App.swift; sourceTree = "<group>"; };
		043AC825283AC3B9004733D9 /* ContentView.swift */ = {isa = PBXFileReference; lastKnownFileType = sourcecode.swift; path = ContentView.swift; sourceTree = "<group>"; };
		043AC827283AC3BB004733D9 /* Assets.xcassets */ = {isa = PBXFileReference; lastKnownFileType = folder.assetcatalog; path = Assets.xcassets; sourceTree = "<group>"; };
		043AC82A283AC3BB004733D9 /* Preview Assets.xcassets */ = {isa = PBXFileReference; lastKnownFileType = folder.assetcatalog; path = "Preview Assets.xcassets"; sourceTree = "<group>"; };
		043AC830283AC3BB004733D9 /* Task1Tests.xctest */ = {isa = PBXFileReference; explicitFileType = wrapper.cfbundle; includeInIndex = 0; path = Task1Tests.xctest; sourceTree = BUILT_PRODUCTS_DIR; };
		043AC851283AC5BB004733D9 /* ValidationViewModelTests.swift */ = {isa = PBXFileReference; lastKnownFileType = sourcecode.swift; path = ValidationViewModelTests.swift; sourceTree = "<group>"; };
		043AC854283AC774004733D9 /* ValidationViewModel.swift */ = {isa = PBXFileReference; lastKnownFileType = sourcecode.swift; path = ValidationViewModel.swift; sourceTree = "<group>"; };
		043AC857283ADAF4004733D9 /* Predicate.swift */ = {isa = PBXFileReference; lastKnownFileType = sourcecode.swift; path = Predicate.swift; sourceTree = "<group>"; };
		04813477283B659500D3E26A /* RegisterViewModel.swift */ = {isa = PBXFileReference; lastKnownFileType = sourcecode.swift; path = RegisterViewModel.swift; sourceTree = "<group>"; };
		04813479283B65BF00D3E26A /* RegisterViewModelTest.swift */ = {isa = PBXFileReference; lastKnownFileType = sourcecode.swift; path = RegisterViewModelTest.swift; sourceTree = "<group>"; };
		0481347B283B665C00D3E26A /* Task1Tests-Bridging-Header.h */ = {isa = PBXFileReference; fileEncoding = 4; lastKnownFileType = sourcecode.c.h; path = "Task1Tests-Bridging-Header.h"; sourceTree = "<group>"; };
		04813480283B69B900D3E26A /* WebService.swift */ = {isa = PBXFileReference; lastKnownFileType = sourcecode.swift; path = WebService.swift; sourceTree = "<group>"; };
		04813498283BA74E00D3E26A /* MockRequestParamter.swift */ = {isa = PBXFileReference; lastKnownFileType = sourcecode.swift; path = MockRequestParamter.swift; sourceTree = "<group>"; };
		04B120F6283CE22000CFD460 /* APIClient.swift */ = {isa = PBXFileReference; fileEncoding = 4; lastKnownFileType = sourcecode.swift; path = APIClient.swift; sourceTree = "<group>"; };
		04B120F9283CE45A00CFD460 /* MoclWebserviceTests.swift */ = {isa = PBXFileReference; lastKnownFileType = sourcecode.swift; path = MoclWebserviceTests.swift; sourceTree = "<group>"; };
		04C1A81E283BF86A00B8E1EB /* WebservicesTest.swift */ = {isa = PBXFileReference; lastKnownFileType = sourcecode.swift; path = WebservicesTest.swift; sourceTree = "<group>"; };
		04C1A820283C04F900B8E1EB /* UserResponse.swift */ = {isa = PBXFileReference; lastKnownFileType = sourcecode.swift; path = UserResponse.swift; sourceTree = "<group>"; };
		04C1A823283C075B00B8E1EB /* UserResponseTest.swift */ = {isa = PBXFileReference; lastKnownFileType = sourcecode.swift; path = UserResponseTest.swift; sourceTree = "<group>"; };
		04F6A64E283CD60E0049C098 /* APIEndpointTests.swift */ = {isa = PBXFileReference; lastKnownFileType = sourcecode.swift; path = APIEndpointTests.swift; sourceTree = "<group>"; };
/* End PBXFileReference section */

/* Begin PBXFrameworksBuildPhase section */
		043AC81D283AC3B9004733D9 /* Frameworks */ = {
			isa = PBXFrameworksBuildPhase;
			buildActionMask = 2147483647;
			files = (
			);
			runOnlyForDeploymentPostprocessing = 0;
		};
		043AC82D283AC3BB004733D9 /* Frameworks */ = {
			isa = PBXFrameworksBuildPhase;
			buildActionMask = 2147483647;
			files = (
			);
			runOnlyForDeploymentPostprocessing = 0;
		};
/* End PBXFrameworksBuildPhase section */

/* Begin PBXGroup section */
		04328C10283CAE810035F68F /* Types */ = {
			isa = PBXGroup;
			children = (
				04328C11283CAEFD0035F68F /* APIEndpoint.swift */,
				04328C16283CB12B0035F68F /* TypAliases.swift */,
				04328C18283CB2110035F68F /* HTTPMethods.swift */,
				04328C1C283CB61A0035F68F /* APIError.swift */,
				04B120F6283CE22000CFD460 /* APIClient.swift */,
			);
			path = Types;
			sourceTree = "<group>";
		};
		04328C13283CAF9D0035F68F /* Configuration */ = {
			isa = PBXGroup;
			children = (
				04328C14283CAFCA0035F68F /* Environment.swift */,
			);
			path = Configuration;
			sourceTree = "<group>";
		};
		04328C23283CD1220035F68F /* Types */ = {
			isa = PBXGroup;
			children = (
				04328C24283CD1350035F68F /* APIErrorTests.swift */,
				04F6A64E283CD60E0049C098 /* APIEndpointTests.swift */,
			);
			path = Types;
			sourceTree = "<group>";
		};
		043AC817283AC3B9004733D9 = {
			isa = PBXGroup;
			children = (
				043AC822283AC3B9004733D9 /* Task1 */,
				043AC833283AC3BB004733D9 /* Task1Tests */,
				043AC821283AC3B9004733D9 /* Products */,
			);
			sourceTree = "<group>";
		};
		043AC821283AC3B9004733D9 /* Products */ = {
			isa = PBXGroup;
			children = (
				043AC820283AC3B9004733D9 /* Task1.app */,
				043AC830283AC3BB004733D9 /* Task1Tests.xctest */,
			);
			name = Products;
			sourceTree = "<group>";
		};
		043AC822283AC3B9004733D9 /* Task1 */ = {
			isa = PBXGroup;
			children = (
				04328C13283CAF9D0035F68F /* Configuration */,
				04813483283B778000D3E26A /* Model */,
				0481347C283B679300D3E26A /* ServiceLayer */,
				043AC856283ADAE7004733D9 /* Helper */,
				043AC853283AC6C4004733D9 /* ViewModel */,
				043AC84E283AC4E3004733D9 /* Resources */,
				043AC84D283AC4CF004733D9 /* Views */,
			);
			path = Task1;
			sourceTree = "<group>";
		};
		043AC829283AC3BB004733D9 /* Preview Content */ = {
			isa = PBXGroup;
			children = (
				043AC82A283AC3BB004733D9 /* Preview Assets.xcassets */,
			);
			path = "Preview Content";
			sourceTree = "<group>";
		};
		043AC833283AC3BB004733D9 /* Task1Tests */ = {
			isa = PBXGroup;
			children = (
				04813494283BA72000D3E26A /* Mocks */,
				04813487283B780F00D3E26A /* Model */,
				0481347D283B689200D3E26A /* ServiceLayer */,
				043AC84F283AC550004733D9 /* ViewModel */,
			);
			path = Task1Tests;
			sourceTree = "<group>";
		};
		043AC84D283AC4CF004733D9 /* Views */ = {
			isa = PBXGroup;
			children = (
				043AC823283AC3B9004733D9 /* Task1App.swift */,
				043AC825283AC3B9004733D9 /* ContentView.swift */,
			);
			path = Views;
			sourceTree = "<group>";
		};
		043AC84E283AC4E3004733D9 /* Resources */ = {
			isa = PBXGroup;
			children = (
				043AC827283AC3BB004733D9 /* Assets.xcassets */,
				043AC829283AC3BB004733D9 /* Preview Content */,
			);
			path = Resources;
			sourceTree = "<group>";
		};
		043AC84F283AC550004733D9 /* ViewModel */ = {
			isa = PBXGroup;
			children = (
				0481347B283B665C00D3E26A /* Task1Tests-Bridging-Header.h */,
				043AC851283AC5BB004733D9 /* ValidationViewModelTests.swift */,
				04813479283B65BF00D3E26A /* RegisterViewModelTest.swift */,
			);
			path = ViewModel;
			sourceTree = "<group>";
		};
		043AC853283AC6C4004733D9 /* ViewModel */ = {
			isa = PBXGroup;
			children = (
				043AC854283AC774004733D9 /* ValidationViewModel.swift */,
				04813477283B659500D3E26A /* RegisterViewModel.swift */,
			);
			path = ViewModel;
			sourceTree = "<group>";
		};
		043AC856283ADAE7004733D9 /* Helper */ = {
			isa = PBXGroup;
			children = (
				043AC857283ADAF4004733D9 /* Predicate.swift */,
			);
			path = Helper;
			sourceTree = "<group>";
		};
		0481347C283B679300D3E26A /* ServiceLayer */ = {
			isa = PBXGroup;
			children = (
				04328C10283CAE810035F68F /* Types */,
				04813480283B69B900D3E26A /* WebService.swift */,
			);
			path = ServiceLayer;
			sourceTree = "<group>";
		};
		0481347D283B689200D3E26A /* ServiceLayer */ = {
			isa = PBXGroup;
			children = (
				04328C23283CD1220035F68F /* Types */,
				04C1A81E283BF86A00B8E1EB /* WebservicesTest.swift */,
				04B120F9283CE45A00CFD460 /* MoclWebserviceTests.swift */,
			);
			path = ServiceLayer;
			sourceTree = "<group>";
		};
		04813483283B778000D3E26A /* Model */ = {
			isa = PBXGroup;
			children = (
				04C1A820283C04F900B8E1EB /* UserResponse.swift */,
			);
			path = Model;
			sourceTree = "<group>";
		};
		04813487283B780F00D3E26A /* Model */ = {
			isa = PBXGroup;
			children = (
				04C1A823283C075B00B8E1EB /* UserResponseTest.swift */,
			);
			path = Model;
			sourceTree = "<group>";
		};
		04813494283BA72000D3E26A /* Mocks */ = {
			isa = PBXGroup;
			children = (
				04813498283BA74E00D3E26A /* MockRequestParamter.swift */,
			);
			path = Mocks;
			sourceTree = "<group>";
		};
/* End PBXGroup section */

/* Begin PBXNativeTarget section */
		043AC81F283AC3B9004733D9 /* Task1 */ = {
			isa = PBXNativeTarget;
			buildConfigurationList = 043AC844283AC3BB004733D9 /* Build configuration list for PBXNativeTarget "Task1" */;
			buildPhases = (
				043AC81C283AC3B9004733D9 /* Sources */,
				043AC81D283AC3B9004733D9 /* Frameworks */,
				043AC81E283AC3B9004733D9 /* Resources */,
			);
			buildRules = (
			);
			dependencies = (
			);
			name = Task1;
			productName = Task1;
			productReference = 043AC820283AC3B9004733D9 /* Task1.app */;
			productType = "com.apple.product-type.application";
		};
		043AC82F283AC3BB004733D9 /* Task1Tests */ = {
			isa = PBXNativeTarget;
			buildConfigurationList = 043AC847283AC3BB004733D9 /* Build configuration list for PBXNativeTarget "Task1Tests" */;
			buildPhases = (
				043AC82C283AC3BB004733D9 /* Sources */,
				043AC82D283AC3BB004733D9 /* Frameworks */,
				043AC82E283AC3BB004733D9 /* Resources */,
			);
			buildRules = (
			);
			dependencies = (
				043AC832283AC3BB004733D9 /* PBXTargetDependency */,
			);
			name = Task1Tests;
			productName = Task1Tests;
			productReference = 043AC830283AC3BB004733D9 /* Task1Tests.xctest */;
			productType = "com.apple.product-type.bundle.unit-test";
		};
/* End PBXNativeTarget section */

/* Begin PBXProject section */
		043AC818283AC3B9004733D9 /* Project object */ = {
			isa = PBXProject;
			attributes = {
				BuildIndependentTargetsInParallel = 1;
				LastSwiftUpdateCheck = 1330;
				LastUpgradeCheck = 1330;
				TargetAttributes = {
					043AC81F283AC3B9004733D9 = {
						CreatedOnToolsVersion = 13.3.1;
					};
					043AC82F283AC3BB004733D9 = {
						CreatedOnToolsVersion = 13.3.1;
						LastSwiftMigration = 1330;
						TestTargetID = 043AC81F283AC3B9004733D9;
					};
				};
			};
			buildConfigurationList = 043AC81B283AC3B9004733D9 /* Build configuration list for PBXProject "Task1" */;
			compatibilityVersion = "Xcode 13.0";
			developmentRegion = en;
			hasScannedForEncodings = 0;
			knownRegions = (
				en,
				Base,
			);
			mainGroup = 043AC817283AC3B9004733D9;
			productRefGroup = 043AC821283AC3B9004733D9 /* Products */;
			projectDirPath = "";
			projectRoot = "";
			targets = (
				043AC81F283AC3B9004733D9 /* Task1 */,
				043AC82F283AC3BB004733D9 /* Task1Tests */,
			);
		};
/* End PBXProject section */

/* Begin PBXResourcesBuildPhase section */
		043AC81E283AC3B9004733D9 /* Resources */ = {
			isa = PBXResourcesBuildPhase;
			buildActionMask = 2147483647;
			files = (
				043AC82B283AC3BB004733D9 /* Preview Assets.xcassets in Resources */,
				043AC828283AC3BB004733D9 /* Assets.xcassets in Resources */,
			);
			runOnlyForDeploymentPostprocessing = 0;
		};
		043AC82E283AC3BB004733D9 /* Resources */ = {
			isa = PBXResourcesBuildPhase;
			buildActionMask = 2147483647;
			files = (
			);
			runOnlyForDeploymentPostprocessing = 0;
		};
/* End PBXResourcesBuildPhase section */

/* Begin PBXSourcesBuildPhase section */
		043AC81C283AC3B9004733D9 /* Sources */ = {
			isa = PBXSourcesBuildPhase;
			buildActionMask = 2147483647;
			files = (
				04813481283B69B900D3E26A /* WebService.swift in Sources */,
				04B120F7283CE22000CFD460 /* APIClient.swift in Sources */,
				043AC855283AC774004733D9 /* ValidationViewModel.swift in Sources */,
				04813499283BA74E00D3E26A /* MockRequestParamter.swift in Sources */,
				04813478283B659500D3E26A /* RegisterViewModel.swift in Sources */,
				04C1A821283C04FA00B8E1EB /* UserResponse.swift in Sources */,
				04328C19283CB2110035F68F /* HTTPMethods.swift in Sources */,
				04328C17283CB12B0035F68F /* TypAliases.swift in Sources */,
				043AC826283AC3B9004733D9 /* ContentView.swift in Sources */,
				04328C15283CAFCA0035F68F /* Environment.swift in Sources */,
				043AC824283AC3B9004733D9 /* Task1App.swift in Sources */,
				043AC858283ADAF4004733D9 /* Predicate.swift in Sources */,
				04328C12283CAEFD0035F68F /* APIEndpoint.swift in Sources */,
				04328C1D283CB61A0035F68F /* APIError.swift in Sources */,
			);
			runOnlyForDeploymentPostprocessing = 0;
		};
		043AC82C283AC3BB004733D9 /* Sources */ = {
			isa = PBXSourcesBuildPhase;
			buildActionMask = 2147483647;
			files = (
				04C1A81F283BF86A00B8E1EB /* WebservicesTest.swift in Sources */,
				04B120FA283CE45A00CFD460 /* MoclWebserviceTests.swift in Sources */,
				04F6A64F283CD60E0049C098 /* APIEndpointTests.swift in Sources */,
				04328C22283CCA260035F68F /* Environment.swift in Sources */,
				04328C1F283CCA0D0035F68F /* APIEndpoint.swift in Sources */,
				04328C25283CD1350035F68F /* APIErrorTests.swift in Sources */,
				043AC852283AC5BB004733D9 /* ValidationViewModelTests.swift in Sources */,
				04328C20283CCA0D0035F68F /* APIError.swift in Sources */,
				04328C1E283CCA0D0035F68F /* TypAliases.swift in Sources */,
				04B120F8283CE22000CFD460 /* APIClient.swift in Sources */,
				0481347A283B65BF00D3E26A /* RegisterViewModelTest.swift in Sources */,
				0481349A283BA74E00D3E26A /* MockRequestParamter.swift in Sources */,
				04813482283B69B900D3E26A /* WebService.swift in Sources */,
				04C1A822283C074D00B8E1EB /* UserResponse.swift in Sources */,
				04C1A824283C075B00B8E1EB /* UserResponseTest.swift in Sources */,
				04328C21283CCA0D0035F68F /* HTTPMethods.swift in Sources */,
			);
			runOnlyForDeploymentPostprocessing = 0;
		};
/* End PBXSourcesBuildPhase section */

/* Begin PBXTargetDependency section */
		043AC832283AC3BB004733D9 /* PBXTargetDependency */ = {
			isa = PBXTargetDependency;
			target = 043AC81F283AC3B9004733D9 /* Task1 */;
			targetProxy = 043AC831283AC3BB004733D9 /* PBXContainerItemProxy */;
		};
/* End PBXTargetDependency section */

/* Begin XCBuildConfiguration section */
		043AC842283AC3BB004733D9 /* Debug */ = {
			isa = XCBuildConfiguration;
			buildSettings = {
				ALWAYS_SEARCH_USER_PATHS = NO;
				CLANG_ANALYZER_NONNULL = YES;
				CLANG_ANALYZER_NUMBER_OBJECT_CONVERSION = YES_AGGRESSIVE;
				CLANG_CXX_LANGUAGE_STANDARD = "gnu++17";
				CLANG_ENABLE_MODULES = YES;
				CLANG_ENABLE_OBJC_ARC = YES;
				CLANG_ENABLE_OBJC_WEAK = YES;
				CLANG_WARN_BLOCK_CAPTURE_AUTORELEASING = YES;
				CLANG_WARN_BOOL_CONVERSION = YES;
				CLANG_WARN_COMMA = YES;
				CLANG_WARN_CONSTANT_CONVERSION = YES;
				CLANG_WARN_DEPRECATED_OBJC_IMPLEMENTATIONS = YES;
				CLANG_WARN_DIRECT_OBJC_ISA_USAGE = YES_ERROR;
				CLANG_WARN_DOCUMENTATION_COMMENTS = YES;
				CLANG_WARN_EMPTY_BODY = YES;
				CLANG_WARN_ENUM_CONVERSION = YES;
				CLANG_WARN_INFINITE_RECURSION = YES;
				CLANG_WARN_INT_CONVERSION = YES;
				CLANG_WARN_NON_LITERAL_NULL_CONVERSION = YES;
				CLANG_WARN_OBJC_IMPLICIT_RETAIN_SELF = YES;
				CLANG_WARN_OBJC_LITERAL_CONVERSION = YES;
				CLANG_WARN_OBJC_ROOT_CLASS = YES_ERROR;
				CLANG_WARN_QUOTED_INCLUDE_IN_FRAMEWORK_HEADER = YES;
				CLANG_WARN_RANGE_LOOP_ANALYSIS = YES;
				CLANG_WARN_STRICT_PROTOTYPES = YES;
				CLANG_WARN_SUSPICIOUS_MOVE = YES;
				CLANG_WARN_UNGUARDED_AVAILABILITY = YES_AGGRESSIVE;
				CLANG_WARN_UNREACHABLE_CODE = YES;
				CLANG_WARN__DUPLICATE_METHOD_MATCH = YES;
				COPY_PHASE_STRIP = NO;
				DEBUG_INFORMATION_FORMAT = dwarf;
				ENABLE_STRICT_OBJC_MSGSEND = YES;
				ENABLE_TESTABILITY = YES;
				GCC_C_LANGUAGE_STANDARD = gnu11;
				GCC_DYNAMIC_NO_PIC = NO;
				GCC_NO_COMMON_BLOCKS = YES;
				GCC_OPTIMIZATION_LEVEL = 0;
				GCC_PREPROCESSOR_DEFINITIONS = (
					"DEBUG=1",
					"$(inherited)",
				);
				GCC_WARN_64_TO_32_BIT_CONVERSION = YES;
				GCC_WARN_ABOUT_RETURN_TYPE = YES_ERROR;
				GCC_WARN_UNDECLARED_SELECTOR = YES;
				GCC_WARN_UNINITIALIZED_AUTOS = YES_AGGRESSIVE;
				GCC_WARN_UNUSED_FUNCTION = YES;
				GCC_WARN_UNUSED_VARIABLE = YES;
				IPHONEOS_DEPLOYMENT_TARGET = 15.4;
				MTL_ENABLE_DEBUG_INFO = INCLUDE_SOURCE;
				MTL_FAST_MATH = YES;
				ONLY_ACTIVE_ARCH = YES;
				SDKROOT = iphoneos;
				SWIFT_ACTIVE_COMPILATION_CONDITIONS = DEBUG;
				SWIFT_OPTIMIZATION_LEVEL = "-Onone";
			};
			name = Debug;
		};
		043AC843283AC3BB004733D9 /* Release */ = {
			isa = XCBuildConfiguration;
			buildSettings = {
				ALWAYS_SEARCH_USER_PATHS = NO;
				CLANG_ANALYZER_NONNULL = YES;
				CLANG_ANALYZER_NUMBER_OBJECT_CONVERSION = YES_AGGRESSIVE;
				CLANG_CXX_LANGUAGE_STANDARD = "gnu++17";
				CLANG_ENABLE_MODULES = YES;
				CLANG_ENABLE_OBJC_ARC = YES;
				CLANG_ENABLE_OBJC_WEAK = YES;
				CLANG_WARN_BLOCK_CAPTURE_AUTORELEASING = YES;
				CLANG_WARN_BOOL_CONVERSION = YES;
				CLANG_WARN_COMMA = YES;
				CLANG_WARN_CONSTANT_CONVERSION = YES;
				CLANG_WARN_DEPRECATED_OBJC_IMPLEMENTATIONS = YES;
				CLANG_WARN_DIRECT_OBJC_ISA_USAGE = YES_ERROR;
				CLANG_WARN_DOCUMENTATION_COMMENTS = YES;
				CLANG_WARN_EMPTY_BODY = YES;
				CLANG_WARN_ENUM_CONVERSION = YES;
				CLANG_WARN_INFINITE_RECURSION = YES;
				CLANG_WARN_INT_CONVERSION = YES;
				CLANG_WARN_NON_LITERAL_NULL_CONVERSION = YES;
				CLANG_WARN_OBJC_IMPLICIT_RETAIN_SELF = YES;
				CLANG_WARN_OBJC_LITERAL_CONVERSION = YES;
				CLANG_WARN_OBJC_ROOT_CLASS = YES_ERROR;
				CLANG_WARN_QUOTED_INCLUDE_IN_FRAMEWORK_HEADER = YES;
				CLANG_WARN_RANGE_LOOP_ANALYSIS = YES;
				CLANG_WARN_STRICT_PROTOTYPES = YES;
				CLANG_WARN_SUSPICIOUS_MOVE = YES;
				CLANG_WARN_UNGUARDED_AVAILABILITY = YES_AGGRESSIVE;
				CLANG_WARN_UNREACHABLE_CODE = YES;
				CLANG_WARN__DUPLICATE_METHOD_MATCH = YES;
				COPY_PHASE_STRIP = NO;
				DEBUG_INFORMATION_FORMAT = "dwarf-with-dsym";
				ENABLE_NS_ASSERTIONS = NO;
				ENABLE_STRICT_OBJC_MSGSEND = YES;
				GCC_C_LANGUAGE_STANDARD = gnu11;
				GCC_NO_COMMON_BLOCKS = YES;
				GCC_WARN_64_TO_32_BIT_CONVERSION = YES;
				GCC_WARN_ABOUT_RETURN_TYPE = YES_ERROR;
				GCC_WARN_UNDECLARED_SELECTOR = YES;
				GCC_WARN_UNINITIALIZED_AUTOS = YES_AGGRESSIVE;
				GCC_WARN_UNUSED_FUNCTION = YES;
				GCC_WARN_UNUSED_VARIABLE = YES;
				IPHONEOS_DEPLOYMENT_TARGET = 15.4;
				MTL_ENABLE_DEBUG_INFO = NO;
				MTL_FAST_MATH = YES;
				SDKROOT = iphoneos;
				SWIFT_COMPILATION_MODE = wholemodule;
				SWIFT_OPTIMIZATION_LEVEL = "-O";
				VALIDATE_PRODUCT = YES;
			};
			name = Release;
		};
		043AC845283AC3BB004733D9 /* Debug */ = {
			isa = XCBuildConfiguration;
			buildSettings = {
				ASSETCATALOG_COMPILER_APPICON_NAME = AppIcon;
				ASSETCATALOG_COMPILER_GLOBAL_ACCENT_COLOR_NAME = AccentColor;
				CODE_SIGN_STYLE = Automatic;
				CURRENT_PROJECT_VERSION = 1;
				DEVELOPMENT_ASSET_PATHS = "\"Task1/Resources/Preview Content\"";
				ENABLE_PREVIEWS = YES;
				GENERATE_INFOPLIST_FILE = YES;
				INFOPLIST_KEY_UIApplicationSceneManifest_Generation = YES;
				INFOPLIST_KEY_UIApplicationSupportsIndirectInputEvents = YES;
				INFOPLIST_KEY_UILaunchScreen_Generation = YES;
				INFOPLIST_KEY_UISupportedInterfaceOrientations_iPad = "UIInterfaceOrientationPortrait UIInterfaceOrientationPortraitUpsideDown UIInterfaceOrientationLandscapeLeft UIInterfaceOrientationLandscapeRight";
				INFOPLIST_KEY_UISupportedInterfaceOrientations_iPhone = "UIInterfaceOrientationPortrait UIInterfaceOrientationLandscapeLeft UIInterfaceOrientationLandscapeRight";
				LD_RUNPATH_SEARCH_PATHS = (
					"$(inherited)",
					"@executable_path/Frameworks",
				);
				MARKETING_VERSION = 1.0;
				PRODUCT_BUNDLE_IDENTIFIER = "come.angeloprojects.trivial-app.Task1";
				PRODUCT_NAME = "$(TARGET_NAME)";
				SWIFT_EMIT_LOC_STRINGS = YES;
				SWIFT_VERSION = 5.0;
				TARGETED_DEVICE_FAMILY = 1;
			};
			name = Debug;
		};
		043AC846283AC3BB004733D9 /* Release */ = {
			isa = XCBuildConfiguration;
			buildSettings = {
				ASSETCATALOG_COMPILER_APPICON_NAME = AppIcon;
				ASSETCATALOG_COMPILER_GLOBAL_ACCENT_COLOR_NAME = AccentColor;
				CODE_SIGN_STYLE = Automatic;
				CURRENT_PROJECT_VERSION = 1;
				DEVELOPMENT_ASSET_PATHS = "\"Task1/Resources/Preview Content\"";
				ENABLE_PREVIEWS = YES;
				GENERATE_INFOPLIST_FILE = YES;
				INFOPLIST_KEY_UIApplicationSceneManifest_Generation = YES;
				INFOPLIST_KEY_UIApplicationSupportsIndirectInputEvents = YES;
				INFOPLIST_KEY_UILaunchScreen_Generation = YES;
				INFOPLIST_KEY_UISupportedInterfaceOrientations_iPad = "UIInterfaceOrientationPortrait UIInterfaceOrientationPortraitUpsideDown UIInterfaceOrientationLandscapeLeft UIInterfaceOrientationLandscapeRight";
				INFOPLIST_KEY_UISupportedInterfaceOrientations_iPhone = "UIInterfaceOrientationPortrait UIInterfaceOrientationLandscapeLeft UIInterfaceOrientationLandscapeRight";
				LD_RUNPATH_SEARCH_PATHS = (
					"$(inherited)",
					"@executable_path/Frameworks",
				);
				MARKETING_VERSION = 1.0;
				PRODUCT_BUNDLE_IDENTIFIER = "come.angeloprojects.trivial-app.Task1";
				PRODUCT_NAME = "$(TARGET_NAME)";
				SWIFT_EMIT_LOC_STRINGS = YES;
				SWIFT_VERSION = 5.0;
				TARGETED_DEVICE_FAMILY = 1;
			};
			name = Release;
		};
		043AC848283AC3BB004733D9 /* Debug */ = {
			isa = XCBuildConfiguration;
			buildSettings = {
				ALWAYS_EMBED_SWIFT_STANDARD_LIBRARIES = YES;
				BUNDLE_LOADER = "$(TEST_HOST)";
				CLANG_ENABLE_MODULES = YES;
				CODE_SIGN_STYLE = Automatic;
				CURRENT_PROJECT_VERSION = 1;
				GENERATE_INFOPLIST_FILE = YES;
				IPHONEOS_DEPLOYMENT_TARGET = 15.4;
				LD_RUNPATH_SEARCH_PATHS = (
					"$(inherited)",
					"@executable_path/Frameworks",
					"@loader_path/Frameworks",
				);
				MARKETING_VERSION = 1.0;
				PRODUCT_BUNDLE_IDENTIFIER = "come.angeloprojects.trivial-app.Task1Tests";
				PRODUCT_NAME = "$(TARGET_NAME)";
				SWIFT_EMIT_LOC_STRINGS = NO;
				SWIFT_OBJC_BRIDGING_HEADER = "Task1Tests/ViewMODEL/Task1Tests-Bridging-Header.h";
				SWIFT_OPTIMIZATION_LEVEL = "-Onone";
				SWIFT_VERSION = 5.0;
				TARGETED_DEVICE_FAMILY = "1,2";
				TEST_HOST = "$(BUILT_PRODUCTS_DIR)/Task1.app/Task1";
			};
			name = Debug;
		};
		043AC849283AC3BB004733D9 /* Release */ = {
			isa = XCBuildConfiguration;
			buildSettings = {
				ALWAYS_EMBED_SWIFT_STANDARD_LIBRARIES = YES;
				BUNDLE_LOADER = "$(TEST_HOST)";
				CLANG_ENABLE_MODULES = YES;
				CODE_SIGN_STYLE = Automatic;
				CURRENT_PROJECT_VERSION = 1;
				GENERATE_INFOPLIST_FILE = YES;
				IPHONEOS_DEPLOYMENT_TARGET = 15.4;
				LD_RUNPATH_SEARCH_PATHS = (
					"$(inherited)",
					"@executable_path/Frameworks",
					"@loader_path/Frameworks",
				);
				MARKETING_VERSION = 1.0;
				PRODUCT_BUNDLE_IDENTIFIER = "come.angeloprojects.trivial-app.Task1Tests";
				PRODUCT_NAME = "$(TARGET_NAME)";
				SWIFT_EMIT_LOC_STRINGS = NO;
				SWIFT_OBJC_BRIDGING_HEADER = "Task1Tests/ViewMODEL/Task1Tests-Bridging-Header.h";
				SWIFT_VERSION = 5.0;
				TARGETED_DEVICE_FAMILY = "1,2";
				TEST_HOST = "$(BUILT_PRODUCTS_DIR)/Task1.app/Task1";
			};
			name = Release;
		};
/* End XCBuildConfiguration section */

/* Begin XCConfigurationList section */
		043AC81B283AC3B9004733D9 /* Build configuration list for PBXProject "Task1" */ = {
			isa = XCConfigurationList;
			buildConfigurations = (
				043AC842283AC3BB004733D9 /* Debug */,
				043AC843283AC3BB004733D9 /* Release */,
			);
			defaultConfigurationIsVisible = 0;
			defaultConfigurationName = Release;
		};
		043AC844283AC3BB004733D9 /* Build configuration list for PBXNativeTarget "Task1" */ = {
			isa = XCConfigurationList;
			buildConfigurations = (
				043AC845283AC3BB004733D9 /* Debug */,
				043AC846283AC3BB004733D9 /* Release */,
			);
			defaultConfigurationIsVisible = 0;
			defaultConfigurationName = Release;
		};
		043AC847283AC3BB004733D9 /* Build configuration list for PBXNativeTarget "Task1Tests" */ = {
			isa = XCConfigurationList;
			buildConfigurations = (
				043AC848283AC3BB004733D9 /* Debug */,
				043AC849283AC3BB004733D9 /* Release */,
			);
			defaultConfigurationIsVisible = 0;
			defaultConfigurationName = Release;
		};
/* End XCConfigurationList section */
	};
	rootObject = 043AC818283AC3B9004733D9 /* Project object */;
}
